// !$*UTF8*$!
{
	archiveVersion = 1;
	classes = {
	};
	objectVersion = 46;
	objects = {

/* Begin PBXBuildFile section */
		84F9ECB41BF949DE000FC860 /* AppDelegate.swift in Sources */ = {isa = PBXBuildFile; fileRef = 84F9ECB31BF949DE000FC860 /* AppDelegate.swift */; };
		84F9ECB61BF949DE000FC860 /* ViewController.swift in Sources */ = {isa = PBXBuildFile; fileRef = 84F9ECB51BF949DE000FC860 /* ViewController.swift */; };
		84F9ECB91BF949DE000FC860 /* Main.storyboard in Resources */ = {isa = PBXBuildFile; fileRef = 84F9ECB71BF949DE000FC860 /* Main.storyboard */; };
		84F9ECBB1BF949DE000FC860 /* Assets.xcassets in Resources */ = {isa = PBXBuildFile; fileRef = 84F9ECBA1BF949DE000FC860 /* Assets.xcassets */; };
		84F9ECBE1BF949DE000FC860 /* LaunchScreen.storyboard in Resources */ = {isa = PBXBuildFile; fileRef = 84F9ECBC1BF949DE000FC860 /* LaunchScreen.storyboard */; };
		84F9ECC91BF949DE000FC860 /* TextFieldsAndDelegatesTests.swift in Sources */ = {isa = PBXBuildFile; fileRef = 84F9ECC81BF949DE000FC860 /* TextFieldsAndDelegatesTests.swift */; };
		84F9ECD41BF949DE000FC860 /* TextFieldsAndDelegatesUITests.swift in Sources */ = {isa = PBXBuildFile; fileRef = 84F9ECD31BF949DE000FC860 /* TextFieldsAndDelegatesUITests.swift */; };
		84F9ECE21BF950EF000FC860 /* ZipCodeTextFieldDelegate.swift in Sources */ = {isa = PBXBuildFile; fileRef = 84F9ECE11BF950EF000FC860 /* ZipCodeTextFieldDelegate.swift */; settings = {ASSET_TAGS = (); }; };
/* End PBXBuildFile section */

/* Begin PBXContainerItemProxy section */
		84F9ECC51BF949DE000FC860 /* PBXContainerItemProxy */ = {
			isa = PBXContainerItemProxy;
			containerPortal = 84F9ECA81BF949DE000FC860 /* Project object */;
			proxyType = 1;
			remoteGlobalIDString = 84F9ECAF1BF949DE000FC860;
			remoteInfo = TextFieldsAndDelegates;
		};
		84F9ECD01BF949DE000FC860 /* PBXContainerItemProxy */ = {
			isa = PBXContainerItemProxy;
			containerPortal = 84F9ECA81BF949DE000FC860 /* Project object */;
			proxyType = 1;
			remoteGlobalIDString = 84F9ECAF1BF949DE000FC860;
			remoteInfo = TextFieldsAndDelegates;
		};
/* End PBXContainerItemProxy section */

/* Begin PBXFileReference section */
		84F9ECB01BF949DE000FC860 /* TextFieldsAndDelegates.app */ = {isa = PBXFileReference; explicitFileType = wrapper.application; includeInIndex = 0; path = TextFieldsAndDelegates.app; sourceTree = BUILT_PRODUCTS_DIR; };
		84F9ECB31BF949DE000FC860 /* AppDelegate.swift */ = {isa = PBXFileReference; lastKnownFileType = sourcecode.swift; path = AppDelegate.swift; sourceTree = "<group>"; };
		84F9ECB51BF949DE000FC860 /* ViewController.swift */ = {isa = PBXFileReference; lastKnownFileType = sourcecode.swift; path = ViewController.swift; sourceTree = "<group>"; };
		84F9ECB81BF949DE000FC860 /* Base */ = {isa = PBXFileReference; lastKnownFileType = file.storyboard; name = Base; path = Base.lproj/Main.storyboard; sourceTree = "<group>"; };
		84F9ECBA1BF949DE000FC860 /* Assets.xcassets */ = {isa = PBXFileReference; lastKnownFileType = folder.assetcatalog; path = Assets.xcassets; sourceTree = "<group>"; };
		84F9ECBD1BF949DE000FC860 /* Base */ = {isa = PBXFileReference; lastKnownFileType = file.storyboard; name = Base; path = Base.lproj/LaunchScreen.storyboard; sourceTree = "<group>"; };
		84F9ECBF1BF949DE000FC860 /* Info.plist */ = {isa = PBXFileReference; lastKnownFileType = text.plist.xml; path = Info.plist; sourceTree = "<group>"; };
		84F9ECC41BF949DE000FC860 /* TextFieldsAndDelegatesTests.xctest */ = {isa = PBXFileReference; explicitFileType = wrapper.cfbundle; includeInIndex = 0; path = TextFieldsAndDelegatesTests.xctest; sourceTree = BUILT_PRODUCTS_DIR; };
		84F9ECC81BF949DE000FC860 /* TextFieldsAndDelegatesTests.swift */ = {isa = PBXFileReference; lastKnownFileType = sourcecode.swift; path = TextFieldsAndDelegatesTests.swift; sourceTree = "<group>"; };
		84F9ECCA1BF949DE000FC860 /* Info.plist */ = {isa = PBXFileReference; lastKnownFileType = text.plist.xml; path = Info.plist; sourceTree = "<group>"; };
		84F9ECCF1BF949DE000FC860 /* TextFieldsAndDelegatesUITests.xctest */ = {isa = PBXFileReference; explicitFileType = wrapper.cfbundle; includeInIndex = 0; path = TextFieldsAndDelegatesUITests.xctest; sourceTree = BUILT_PRODUCTS_DIR; };
		84F9ECD31BF949DE000FC860 /* TextFieldsAndDelegatesUITests.swift */ = {isa = PBXFileReference; lastKnownFileType = sourcecode.swift; path = TextFieldsAndDelegatesUITests.swift; sourceTree = "<group>"; };
		84F9ECD51BF949DE000FC860 /* Info.plist */ = {isa = PBXFileReference; lastKnownFileType = text.plist.xml; path = Info.plist; sourceTree = "<group>"; };
		84F9ECE11BF950EF000FC860 /* ZipCodeTextFieldDelegate.swift */ = {isa = PBXFileReference; fileEncoding = 4; lastKnownFileType = sourcecode.swift; path = ZipCodeTextFieldDelegate.swift; sourceTree = "<group>"; };
/* End PBXFileReference section */

/* Begin PBXFrameworksBuildPhase section */
		84F9ECAD1BF949DE000FC860 /* Frameworks */ = {
			isa = PBXFrameworksBuildPhase;
			buildActionMask = 2147483647;
			files = (
			);
			runOnlyForDeploymentPostprocessing = 0;
		};
		84F9ECC11BF949DE000FC860 /* Frameworks */ = {
			isa = PBXFrameworksBuildPhase;
			buildActionMask = 2147483647;
			files = (
			);
			runOnlyForDeploymentPostprocessing = 0;
		};
		84F9ECCC1BF949DE000FC860 /* Frameworks */ = {
			isa = PBXFrameworksBuildPhase;
			buildActionMask = 2147483647;
			files = (
			);
			runOnlyForDeploymentPostprocessing = 0;
		};
/* End PBXFrameworksBuildPhase section */

/* Begin PBXGroup section */
		84F9ECA71BF949DD000FC860 = {
			isa = PBXGroup;
			children = (
				84F9ECB21BF949DE000FC860 /* TextFieldsAndDelegates */,
				84F9ECC71BF949DE000FC860 /* TextFieldsAndDelegatesTests */,
				84F9ECD21BF949DE000FC860 /* TextFieldsAndDelegatesUITests */,
				84F9ECB11BF949DE000FC860 /* Products */,
			);
			sourceTree = "<group>";
		};
		84F9ECB11BF949DE000FC860 /* Products */ = {
			isa = PBXGroup;
			children = (
				84F9ECB01BF949DE000FC860 /* TextFieldsAndDelegates.app */,
				84F9ECC41BF949DE000FC860 /* TextFieldsAndDelegatesTests.xctest */,
				84F9ECCF1BF949DE000FC860 /* TextFieldsAndDelegatesUITests.xctest */,
			);
			name = Products;
			sourceTree = "<group>";
		};
		84F9ECB21BF949DE000FC860 /* TextFieldsAndDelegates */ = {
			isa = PBXGroup;
			children = (
				84F9ECE31BF950F3000FC860 /* Delegates */,
				84F9ECB31BF949DE000FC860 /* AppDelegate.swift */,
				84F9ECB51BF949DE000FC860 /* ViewController.swift */,
				84F9ECB71BF949DE000FC860 /* Main.storyboard */,
				84F9ECBA1BF949DE000FC860 /* Assets.xcassets */,
				84F9ECBC1BF949DE000FC860 /* LaunchScreen.storyboard */,
				84F9ECBF1BF949DE000FC860 /* Info.plist */,
			);
			path = TextFieldsAndDelegates;
			sourceTree = "<group>";
		};
		84F9ECC71BF949DE000FC860 /* TextFieldsAndDelegatesTests */ = {
			isa = PBXGroup;
			children = (
				84F9ECC81BF949DE000FC860 /* TextFieldsAndDelegatesTests.swift */,
				84F9ECCA1BF949DE000FC860 /* Info.plist */,
			);
			path = TextFieldsAndDelegatesTests;
			sourceTree = "<group>";
		};
		84F9ECD21BF949DE000FC860 /* TextFieldsAndDelegatesUITests */ = {
			isa = PBXGroup;
			children = (
				84F9ECD31BF949DE000FC860 /* TextFieldsAndDelegatesUITests.swift */,
				84F9ECD51BF949DE000FC860 /* Info.plist */,
			);
			path = TextFieldsAndDelegatesUITests;
			sourceTree = "<group>";
		};
		84F9ECE31BF950F3000FC860 /* Delegates */ = {
			isa = PBXGroup;
			children = (
				84F9ECE11BF950EF000FC860 /* ZipCodeTextFieldDelegate.swift */,
			);
			name = Delegates;
			sourceTree = "<group>";
		};
/* End PBXGroup section */

/* Begin PBXNativeTarget section */
		84F9ECAF1BF949DE000FC860 /* TextFieldsAndDelegates */ = {
			isa = PBXNativeTarget;
			buildConfigurationList = 84F9ECD81BF949DE000FC860 /* Build configuration list for PBXNativeTarget "TextFieldsAndDelegates" */;
			buildPhases = (
				84F9ECAC1BF949DE000FC860 /* Sources */,
				84F9ECAD1BF949DE000FC860 /* Frameworks */,
				84F9ECAE1BF949DE000FC860 /* Resources */,
			);
			buildRules = (
			);
			dependencies = (
			);
			name = TextFieldsAndDelegates;
			productName = TextFieldsAndDelegates;
			productReference = 84F9ECB01BF949DE000FC860 /* TextFieldsAndDelegates.app */;
			productType = "com.apple.product-type.application";
		};
		84F9ECC31BF949DE000FC860 /* TextFieldsAndDelegatesTests */ = {
			isa = PBXNativeTarget;
			buildConfigurationList = 84F9ECDB1BF949DE000FC860 /* Build configuration list for PBXNativeTarget "TextFieldsAndDelegatesTests" */;
			buildPhases = (
				84F9ECC01BF949DE000FC860 /* Sources */,
				84F9ECC11BF949DE000FC860 /* Frameworks */,
				84F9ECC21BF949DE000FC860 /* Resources */,
			);
			buildRules = (
			);
			dependencies = (
				84F9ECC61BF949DE000FC860 /* PBXTargetDependency */,
			);
			name = TextFieldsAndDelegatesTests;
			productName = TextFieldsAndDelegatesTests;
			productReference = 84F9ECC41BF949DE000FC860 /* TextFieldsAndDelegatesTests.xctest */;
			productType = "com.apple.product-type.bundle.unit-test";
		};
		84F9ECCE1BF949DE000FC860 /* TextFieldsAndDelegatesUITests */ = {
			isa = PBXNativeTarget;
			buildConfigurationList = 84F9ECDE1BF949DE000FC860 /* Build configuration list for PBXNativeTarget "TextFieldsAndDelegatesUITests" */;
			buildPhases = (
				84F9ECCB1BF949DE000FC860 /* Sources */,
				84F9ECCC1BF949DE000FC860 /* Frameworks */,
				84F9ECCD1BF949DE000FC860 /* Resources */,
			);
			buildRules = (
			);
			dependencies = (
				84F9ECD11BF949DE000FC860 /* PBXTargetDependency */,
			);
			name = TextFieldsAndDelegatesUITests;
			productName = TextFieldsAndDelegatesUITests;
			productReference = 84F9ECCF1BF949DE000FC860 /* TextFieldsAndDelegatesUITests.xctest */;
			productType = "com.apple.product-type.bundle.ui-testing";
		};
/* End PBXNativeTarget section */

/* Begin PBXProject section */
		84F9ECA81BF949DE000FC860 /* Project object */ = {
			isa = PBXProject;
			attributes = {
				LastUpgradeCheck = 0700;
				ORGANIZATIONNAME = "Jason Lemrond";
				TargetAttributes = {
					84F9ECAF1BF949DE000FC860 = {
						CreatedOnToolsVersion = 7.0;
					};
					84F9ECC31BF949DE000FC860 = {
						CreatedOnToolsVersion = 7.0;
						TestTargetID = 84F9ECAF1BF949DE000FC860;
					};
					84F9ECCE1BF949DE000FC860 = {
						CreatedOnToolsVersion = 7.0;
						TestTargetID = 84F9ECAF1BF949DE000FC860;
					};
				};
			};
			buildConfigurationList = 84F9ECAB1BF949DE000FC860 /* Build configuration list for PBXProject "TextFieldsAndDelegates" */;
			compatibilityVersion = "Xcode 3.2";
			developmentRegion = English;
			hasScannedForEncodings = 0;
			knownRegions = (
				en,
				Base,
			);
			mainGroup = 84F9ECA71BF949DD000FC860;
			productRefGroup = 84F9ECB11BF949DE000FC860 /* Products */;
			projectDirPath = "";
			projectRoot = "";
			targets = (
				84F9ECAF1BF949DE000FC860 /* TextFieldsAndDelegates */,
				84F9ECC31BF949DE000FC860 /* TextFieldsAndDelegatesTests */,
				84F9ECCE1BF949DE000FC860 /* TextFieldsAndDelegatesUITests */,
			);
		};
/* End PBXProject section */

/* Begin PBXResourcesBuildPhase section */
		84F9ECAE1BF949DE000FC860 /* Resources */ = {
			isa = PBXResourcesBuildPhase;
			buildActionMask = 2147483647;
			files = (
				84F9ECBE1BF949DE000FC860 /* LaunchScreen.storyboard in Resources */,
				84F9ECBB1BF949DE000FC860 /* Assets.xcassets in Resources */,
				84F9ECB91BF949DE000FC860 /* Main.storyboard in Resources */,
			);
			runOnlyForDeploymentPostprocessing = 0;
		};
		84F9ECC21BF949DE000FC860 /* Resources */ = {
			isa = PBXResourcesBuildPhase;
			buildActionMask = 2147483647;
			files = (
			);
			runOnlyForDeploymentPostprocessing = 0;
		};
		84F9ECCD1BF949DE000FC860 /* Resources */ = {
			isa = PBXResourcesBuildPhase;
			buildActionMask = 2147483647;
			files = (
			);
			runOnlyForDeploymentPostprocessing = 0;
		};
/* End PBXResourcesBuildPhase section */

/* Begin PBXSourcesBuildPhase section */
		84F9ECAC1BF949DE000FC860 /* Sources */ = {
			isa = PBXSourcesBuildPhase;
			buildActionMask = 2147483647;
			files = (
				84F9ECB61BF949DE000FC860 /* ViewController.swift in Sources */,
				84F9ECE21BF950EF000FC860 /* ZipCodeTextFieldDelegate.swift in Sources */,
				84F9ECB41BF949DE000FC860 /* AppDelegate.swift in Sources */,
			);
			runOnlyForDeploymentPostprocessing = 0;
		};
		84F9ECC01BF949DE000FC860 /* Sources */ = {
			isa = PBXSourcesBuildPhase;
			buildActionMask = 2147483647;
			files = (
				84F9ECC91BF949DE000FC860 /* TextFieldsAndDelegatesTests.swift in Sources */,
			);
			runOnlyForDeploymentPostprocessing = 0;
		};
		84F9ECCB1BF949DE000FC860 /* Sources */ = {
			isa = PBXSourcesBuildPhase;
			buildActionMask = 2147483647;
			files = (
				84F9ECD41BF949DE000FC860 /* TextFieldsAndDelegatesUITests.swift in Sources */,
			);
			runOnlyForDeploymentPostprocessing = 0;
		};
/* End PBXSourcesBuildPhase section */

/* Begin PBXTargetDependency section */
		84F9ECC61BF949DE000FC860 /* PBXTargetDependency */ = {
			isa = PBXTargetDependency;
			target = 84F9ECAF1BF949DE000FC860 /* TextFieldsAndDelegates */;
			targetProxy = 84F9ECC51BF949DE000FC860 /* PBXContainerItemProxy */;
		};
		84F9ECD11BF949DE000FC860 /* PBXTargetDependency */ = {
			isa = PBXTargetDependency;
			target = 84F9ECAF1BF949DE000FC860 /* TextFieldsAndDelegates */;
			targetProxy = 84F9ECD01BF949DE000FC860 /* PBXContainerItemProxy */;
		};
/* End PBXTargetDependency section */

/* Begin PBXVariantGroup section */
		84F9ECB71BF949DE000FC860 /* Main.storyboard */ = {
			isa = PBXVariantGroup;
			children = (
				84F9ECB81BF949DE000FC860 /* Base */,
			);
			name = Main.storyboard;
			sourceTree = "<group>";
		};
		84F9ECBC1BF949DE000FC860 /* LaunchScreen.storyboard */ = {
			isa = PBXVariantGroup;
			children = (
				84F9ECBD1BF949DE000FC860 /* Base */,
			);
			name = LaunchScreen.storyboard;
			sourceTree = "<group>";
		};
/* End PBXVariantGroup section */

/* Begin XCBuildConfiguration section */
		84F9ECD61BF949DE000FC860 /* Debug */ = {
			isa = XCBuildConfiguration;
			buildSettings = {
				ALWAYS_SEARCH_USER_PATHS = NO;
				CLANG_CXX_LANGUAGE_STANDARD = "gnu++0x";
				CLANG_CXX_LIBRARY = "libc++";
				CLANG_ENABLE_MODULES = YES;
				CLANG_ENABLE_OBJC_ARC = YES;
				CLANG_WARN_BOOL_CONVERSION = YES;
				CLANG_WARN_CONSTANT_CONVERSION = YES;
				CLANG_WARN_DIRECT_OBJC_ISA_USAGE = YES_ERROR;
				CLANG_WARN_EMPTY_BODY = YES;
				CLANG_WARN_ENUM_CONVERSION = YES;
				CLANG_WARN_INT_CONVERSION = YES;
				CLANG_WARN_OBJC_ROOT_CLASS = YES_ERROR;
				CLANG_WARN_UNREACHABLE_CODE = YES;
				CLANG_WARN__DUPLICATE_METHOD_MATCH = YES;
				"CODE_SIGN_IDENTITY[sdk=iphoneos*]" = "iPhone Developer";
				COPY_PHASE_STRIP = NO;
				DEBUG_INFORMATION_FORMAT = dwarf;
				ENABLE_STRICT_OBJC_MSGSEND = YES;
				ENABLE_TESTABILITY = YES;
				GCC_C_LANGUAGE_STANDARD = gnu99;
				GCC_DYNAMIC_NO_PIC = NO;
				GCC_NO_COMMON_BLOCKS = YES;
				GCC_OPTIMIZATION_LEVEL = 0;
				GCC_PREPROCESSOR_DEFINITIONS = (
					"DEBUG=1",
					"$(inherited)",
				);
				GCC_WARN_64_TO_32_BIT_CONVERSION = YES;
				GCC_WARN_ABOUT_RETURN_TYPE = YES_ERROR;
				GCC_WARN_UNDECLARED_SELECTOR = YES;
				GCC_WARN_UNINITIALIZED_AUTOS = YES_AGGRESSIVE;
				GCC_WARN_UNUSED_FUNCTION = YES;
				GCC_WARN_UNUSED_VARIABLE = YES;
				IPHONEOS_DEPLOYMENT_TARGET = 9.0;
				MTL_ENABLE_DEBUG_INFO = YES;
				ONLY_ACTIVE_ARCH = YES;
				SDKROOT = iphoneos;
				SWIFT_OPTIMIZATION_LEVEL = "-Onone";
			};
			name = Debug;
		};
		84F9ECD71BF949DE000FC860 /* Release */ = {
			isa = XCBuildConfiguration;
			buildSettings = {
				ALWAYS_SEARCH_USER_PATHS = NO;
				CLANG_CXX_LANGUAGE_STANDARD = "gnu++0x";
				CLANG_CXX_LIBRARY = "libc++";
				CLANG_ENABLE_MODULES = YES;
				CLANG_ENABLE_OBJC_ARC = YES;
				CLANG_WARN_BOOL_CONVERSION = YES;
				CLANG_WARN_CONSTANT_CONVERSION = YES;
				CLANG_WARN_DIRECT_OBJC_ISA_USAGE = YES_ERROR;
				CLANG_WARN_EMPTY_BODY = YES;
				CLANG_WARN_ENUM_CONVERSION = YES;
				CLANG_WARN_INT_CONVERSION = YES;
				CLANG_WARN_OBJC_ROOT_CLASS = YES_ERROR;
				CLANG_WARN_UNREACHABLE_CODE = YES;
				CLANG_WARN__DUPLICATE_METHOD_MATCH = YES;
				"CODE_SIGN_IDENTITY[sdk=iphoneos*]" = "iPhone Developer";
				COPY_PHASE_STRIP = NO;
				DEBUG_INFORMATION_FORMAT = "dwarf-with-dsym";
				ENABLE_NS_ASSERTIONS = NO;
				ENABLE_STRICT_OBJC_MSGSEND = YES;
				GCC_C_LANGUAGE_STANDARD = gnu99;
				GCC_NO_COMMON_BLOCKS = YES;
				GCC_WARN_64_TO_32_BIT_CONVERSION = YES;
				GCC_WARN_ABOUT_RETURN_TYPE = YES_ERROR;
				GCC_WARN_UNDECLARED_SELECTOR = YES;
				GCC_WARN_UNINITIALIZED_AUTOS = YES_AGGRESSIVE;
				GCC_WARN_UNUSED_FUNCTION = YES;
				GCC_WARN_UNUSED_VARIABLE = YES;
				IPHONEOS_DEPLOYMENT_TARGET = 9.0;
				MTL_ENABLE_DEBUG_INFO = NO;
				SDKROOT = iphoneos;
				VALIDATE_PRODUCT = YES;
			};
			name = Release;
		};
		84F9ECD91BF949DE000FC860 /* Debug */ = {
			isa = XCBuildConfiguration;
			buildSettings = {
				ASSETCATALOG_COMPILER_APPICON_NAME = AppIcon;
				INFOPLIST_FILE = TextFieldsAndDelegates/Info.plist;
				LD_RUNPATH_SEARCH_PATHS = "$(inherited) @executable_path/Frameworks";
				PRODUCT_BUNDLE_IDENTIFIER = com.jasonlemrond.TextFieldsAndDelegates;
				PRODUCT_NAME = "$(TARGET_NAME)";
			};
			name = Debug;
		};
		84F9ECDA1BF949DE000FC860 /* Release */ = {
			isa = XCBuildConfiguration;
			buildSettings = {
				ASSETCATALOG_COMPILER_APPICON_NAME = AppIcon;
				INFOPLIST_FILE = TextFieldsAndDelegates/Info.plist;
				LD_RUNPATH_SEARCH_PATHS = "$(inherited) @executable_path/Frameworks";
				PRODUCT_BUNDLE_IDENTIFIER = com.jasonlemrond.TextFieldsAndDelegates;
				PRODUCT_NAME = "$(TARGET_NAME)";
			};
			name = Release;
		};
		84F9ECDC1BF949DE000FC860 /* Debug */ = {
			isa = XCBuildConfiguration;
			buildSettings = {
				BUNDLE_LOADER = "$(TEST_HOST)";
				INFOPLIST_FILE = TextFieldsAndDelegatesTests/Info.plist;
				LD_RUNPATH_SEARCH_PATHS = "$(inherited) @executable_path/Frameworks @loader_path/Frameworks";
				PRODUCT_BUNDLE_IDENTIFIER = com.jasonlemrond.TextFieldsAndDelegatesTests;
				PRODUCT_NAME = "$(TARGET_NAME)";
				TEST_HOST = "$(BUILT_PRODUCTS_DIR)/TextFieldsAndDelegates.app/TextFieldsAndDelegates";
			};
			name = Debug;
		};
		84F9ECDD1BF949DE000FC860 /* Release */ = {
			isa = XCBuildConfiguration;
			buildSettings = {
				BUNDLE_LOADER = "$(TEST_HOST)";
				INFOPLIST_FILE = TextFieldsAndDelegatesTests/Info.plist;
				LD_RUNPATH_SEARCH_PATHS = "$(inherited) @executable_path/Frameworks @loader_path/Frameworks";
				PRODUCT_BUNDLE_IDENTIFIER = com.jasonlemrond.TextFieldsAndDelegatesTests;
				PRODUCT_NAME = "$(TARGET_NAME)";
				TEST_HOST = "$(BUILT_PRODUCTS_DIR)/TextFieldsAndDelegates.app/TextFieldsAndDelegates";
			};
			name = Release;
		};
		84F9ECDF1BF949DE000FC860 /* Debug */ = {
			isa = XCBuildConfiguration;
			buildSettings = {
				INFOPLIST_FILE = TextFieldsAndDelegatesUITests/Info.plist;
				LD_RUNPATH_SEARCH_PATHS = "$(inherited) @executable_path/Frameworks @loader_path/Frameworks";
				PRODUCT_BUNDLE_IDENTIFIER = com.jasonlemrond.TextFieldsAndDelegatesUITests;
				PRODUCT_NAME = "$(TARGET_NAME)";
				TEST_TARGET_NAME = TextFieldsAndDelegates;
				USES_XCTRUNNER = YES;
			};
			name = Debug;
		};
		84F9ECE01BF949DE000FC860 /* Release */ = {
			isa = XCBuildConfiguration;
			buildSettings = {
				INFOPLIST_FILE = TextFieldsAndDelegatesUITests/Info.plist;
				LD_RUNPATH_SEARCH_PATHS = "$(inherited) @executable_path/Frameworks @loader_path/Frameworks";
				PRODUCT_BUNDLE_IDENTIFIER = com.jasonlemrond.TextFieldsAndDelegatesUITests;
				PRODUCT_NAME = "$(TARGET_NAME)";
				TEST_TARGET_NAME = TextFieldsAndDelegates;
				USES_XCTRUNNER = YES;
			};
			name = Release;
		};
/* End XCBuildConfiguration section */

/* Begin XCConfigurationList section */
		84F9ECAB1BF949DE000FC860 /* Build configuration list for PBXProject "TextFieldsAndDelegates" */ = {
			isa = XCConfigurationList;
			buildConfigurations = (
				84F9ECD61BF949DE000FC860 /* Debug */,
				84F9ECD71BF949DE000FC860 /* Release */,
			);
			defaultConfigurationIsVisible = 0;
			defaultConfigurationName = Release;
		};
		84F9ECD81BF949DE000FC860 /* Build configuration list for PBXNativeTarget "TextFieldsAndDelegates" */ = {
			isa = XCConfigurationList;
			buildConfigurations = (
				84F9ECD91BF949DE000FC860 /* Debug */,
				84F9ECDA1BF949DE000FC860 /* Release */,
			);
			defaultConfigurationIsVisible = 0;
		};
		84F9ECDB1BF949DE000FC860 /* Build configuration list for PBXNativeTarget "TextFieldsAndDelegatesTests" */ = {
			isa = XCConfigurationList;
			buildConfigurations = (
				84F9ECDC1BF949DE000FC860 /* Debug */,
				84F9ECDD1BF949DE000FC860 /* Release */,
			);
			defaultConfigurationIsVisible = 0;
		};
		84F9ECDE1BF949DE000FC860 /* Build configuration list for PBXNativeTarget "TextFieldsAndDelegatesUITests" */ = {
			isa = XCConfigurationList;
			buildConfigurations = (
				84F9ECDF1BF949DE000FC860 /* Debug */,
				84F9ECE01BF949DE000FC860 /* Release */,
			);
			defaultConfigurationIsVisible = 0;
		};
/* End XCConfigurationList section */
	};
	rootObject = 84F9ECA81BF949DE000FC860 /* Project object */;
}
